
Microsoft Visual Studio Solution File, Format Version 12.00
# Visual Studio 14
VisualStudioVersion = 14.0.24720.0
MinimumVisualStudioVersion = 10.0.40219.1
Project("{FAE04EC0-301F-11D3-BF4B-00C04F79EFBC}") = "JG.TimeLog.Web", "JG.TimeLog.Web\JG.TimeLog.Web.csproj", "{67537671-333E-4F81-AA58-4FFB0BDE7B22}"
EndProject
Project("{FAE04EC0-301F-11D3-BF4B-00C04F79EFBC}") = "JG.TimeLog.UnitTests", "JG.TimeLog.UnitTests\JG.TimeLog.UnitTests.csproj", "{99D18F77-7319-4174-B963-D9C20C2B11EE}"
EndProject
Global
	GlobalSection(SolutionConfigurationPlatforms) = preSolution
		Debug|Any CPU = Debug|Any CPU
		Release|Any CPU = Release|Any CPU
	EndGlobalSection
	GlobalSection(ProjectConfigurationPlatforms) = postSolution
		{67537671-333E-4F81-AA58-4FFB0BDE7B22}.Debug|Any CPU.ActiveCfg = Debug|Any CPU
		{67537671-333E-4F81-AA58-4FFB0BDE7B22}.Debug|Any CPU.Build.0 = Debug|Any CPU
		{67537671-333E-4F81-AA58-4FFB0BDE7B22}.Release|Any CPU.ActiveCfg = Release|Any CPU
		{67537671-333E-4F81-AA58-4FFB0BDE7B22}.Release|Any CPU.Build.0 = Release|Any CPU
		{99D18F77-7319-4174-B963-D9C20C2B11EE}.Debug|Any CPU.ActiveCfg = Debug|Any CPU
		{99D18F77-7319-4174-B963-D9C20C2B11EE}.Debug|Any CPU.Build.0 = Debug|Any CPU
		{99D18F77-7319-4174-B963-D9C20C2B11EE}.Release|Any CPU.ActiveCfg = Release|Any CPU
		{99D18F77-7319-4174-B963-D9C20C2B11EE}.Release|Any CPU.Build.0 = Release|Any CPU
	EndGlobalSection
	GlobalSection(SolutionProperties) = preSolution
		HideSolutionNode = FALSE
	EndGlobalSection
EndGlobal
